PODS:
  - Magnet (3.3.0):
    - Sauce (~> 2.2.0)
  - Sauce (2.2.0)

DEPENDENCIES:
  - Magnet

SPEC REPOS:
  trunk:
    - Magnet
    - Sauce

SPEC CHECKSUMS:
  Magnet: a44a5a14eecc77433cbaad1431b78f7d20725bf2
  Sauce: 3ade51738563f86b08888cf4b91ae5943012088b

PODFILE CHECKSUM: 3b9b3d87c7ed68b2a083589c4c854735a2869a2d

COCOAPODS: 1.10.1
